{
  "nodes": {
    "flake-utils": {
      "locked": {
        "lastModified": 1618868421,
        "narHash": "sha256-vyoJhLV6cJ8/tWz+l9HZLIkb9Rd9esE7p+0RL6zDR6Y=",
        "owner": "numtide",
        "repo": "flake-utils",
        "rev": "eed214942bcfb3a8cc09eb3b28ca7d7221e44a94",
        "type": "github"
      },
      "original": {
        "owner": "numtide",
        "repo": "flake-utils",
        "type": "github"
      }
    },
    "flake-utils_2": {
      "locked": {
        "lastModified": 1618217525,
        "narHash": "sha256-WGrhVczjXTiswQaoxQ+0PTfbLNeOQM6M36zvLn78AYg=",
        "owner": "numtide",
        "repo": "flake-utils",
        "rev": "c6169a2772643c4a93a0b5ac1c61e296cba68544",
        "type": "github"
      },
      "original": {
        "owner": "numtide",
        "repo": "flake-utils",
        "type": "github"
      }
    },
    "nix4scala": {
      "inputs": {
        "flake-utils": "flake-utils_2",
        "nixpkgs": "nixpkgs",
        "nixpkgs-unstable": "nixpkgs-unstable"
      },
      "locked": {
        "lastModified": 1618791030,
        "narHash": "sha256-SJOiUl7G5VPYrmhjnjlbYa3v5pbOviZ3PdYRiHqLl34=",
        "ref": "master",
        "rev": "a812a2208a5e8348ac4ca400f367414185abd656",
        "revCount": 14,
        "type": "git",
        "url": "ssh://git@gitlab.com/netmagnet/nix4scala.git"
      },
      "original": {
        "type": "git",
        "url": "ssh://git@gitlab.com/netmagnet/nix4scala.git"
      }
    },
    "nixpkgs": {
      "locked": {
        "lastModified": 1618750622,
        "narHash": "sha256-AfRXbXH1t7WgDiHt+CWofoLuy12nfFTY4pZoGfPueQo=",
        "owner": "NixOS",
        "repo": "nixpkgs",
        "rev": "b2a189a8618fc1ba61593016fe5699b38971b89f",
        "type": "github"
      },
      "original": {
        "owner": "NixOS",
        "ref": "nixos-20.09",
        "repo": "nixpkgs",
        "type": "github"
      }
    },
    "nixpkgs-unstable": {
      "locked": {
        "lastModified": 1618712011,
        "narHash": "sha256-MaMiw17615T+7EVJ4BCl2UfzTER5TRBIhuszss3LA34=",
        "owner": "NixOS",
        "repo": "nixpkgs",
        "rev": "b2f2d04f01b3de3abad0dd9bc48ad7a3ee32bbc6",
        "type": "github"
      },
      "original": {
        "owner": "NixOS",
        "ref": "nixos-unstable",
        "repo": "nixpkgs",
        "type": "github"
      }
    },
    "nixpkgs_2": {
      "locked": {
        "lastModified": 1618853290,
        "narHash": "sha256-K4fddnrGOcKL+6CEchRrVmepiwvwvHxB87goqBTI5Bs=",
        "owner": "NixOS",
        "repo": "nixpkgs",
        "rev": "9a1672105db0eebe8ef59f310397435f2d0298d0",
        "type": "github"
      },
      "original": {
        "owner": "NixOS",
        "ref": "nixos-20.09",
        "repo": "nixpkgs",
        "type": "github"
      }
    },
    "root": {
      "inputs": {
        "flake-utils": "flake-utils",
        "nix4scala": "nix4scala",
        "nixpkgs": "nixpkgs_2"
      }
    }
  },
  "root": "root",
  "version": 7
}
