{
  "nodes": {
    "flake-utils": {
      "locked": {
        "lastModified": 1619345332,
        "narHash": "sha256-qHnQkEp1uklKTpx3MvKtY6xzgcqXDsz5nLilbbuL+3A=",
        "owner": "numtide",
        "repo": "flake-utils",
        "rev": "2ebf2558e5bf978c7fb8ea927dfaed8fefab2e28",
        "type": "github"
      },
      "original": {
        "owner": "numtide",
        "repo": "flake-utils",
        "type": "github"
      }
    },
    "flake-utils_2": {
      "locked": {
        "lastModified": 1619345332,
        "narHash": "sha256-qHnQkEp1uklKTpx3MvKtY6xzgcqXDsz5nLilbbuL+3A=",
        "owner": "numtide",
        "repo": "flake-utils",
        "rev": "2ebf2558e5bf978c7fb8ea927dfaed8fefab2e28",
        "type": "github"
      },
      "original": {
        "owner": "numtide",
        "repo": "flake-utils",
        "type": "github"
      }
    },
    "nix4scala": {
      "inputs": {
        "flake-utils": "flake-utils_2",
        "nixpkgs": "nixpkgs",
        "nixpkgs-unstable": "nixpkgs-unstable"
      },
      "locked": {
        "lastModified": 1619703220,
        "narHash": "sha256-WehL+gDH4eBaNJp7DQ4J6lRzMKZitDsSiR2Mhl6Z0t0=",
        "ref": "master",
        "rev": "2a2cdc9805e833207be864e777f525ec7554a958",
        "revCount": 16,
        "type": "git",
        "url": "ssh://git@gitlab.com/netmagnet/nix4scala.git"
      },
      "original": {
        "type": "git",
        "url": "ssh://git@gitlab.com/netmagnet/nix4scala.git"
      }
    },
    "nixpkgs": {
      "locked": {
        "lastModified": 1619562671,
        "narHash": "sha256-iDDaFkroxzRKuxvrpZJoTt+X9gGsDPCfYYl2DLRdVJA=",
        "owner": "NixOS",
        "repo": "nixpkgs",
        "rev": "17b101e29dfff7ae02cdd00e8cde243d2a56472d",
        "type": "github"
      },
      "original": {
        "owner": "NixOS",
        "ref": "nixos-20.09",
        "repo": "nixpkgs",
        "type": "github"
      }
    },
    "nixpkgs-unstable": {
      "locked": {
        "lastModified": 1619464443,
        "narHash": "sha256-R7WAb8EnkIJxxaF6GTHUPytjonhB4Zm0iatyWoW169A=",
        "owner": "NixOS",
        "repo": "nixpkgs",
        "rev": "8e4fe32876ca15e3d5eb3ecd3ca0b224417f5f17",
        "type": "github"
      },
      "original": {
        "owner": "NixOS",
        "ref": "nixos-unstable",
        "repo": "nixpkgs",
        "type": "github"
      }
    },
    "nixpkgs_2": {
      "locked": {
        "lastModified": 1619697155,
        "narHash": "sha256-qfK41Y6sXR5QQDMH2IctR9LUWR+hflfE3SmAnCrozYs=",
        "owner": "NixOS",
        "repo": "nixpkgs",
        "rev": "7a9104b6d4b430c75faffbe0a96c9264f5cb35fd",
        "type": "github"
      },
      "original": {
        "owner": "NixOS",
        "ref": "nixos-20.09",
        "repo": "nixpkgs",
        "type": "github"
      }
    },
    "root": {
      "inputs": {
        "flake-utils": "flake-utils",
        "nix4scala": "nix4scala",
        "nixpkgs": "nixpkgs_2"
      }
    }
  },
  "root": "root",
  "version": 7
}
